
Microsoft Visual Studio Solution File, Format Version 12.00
# Visual Studio Version 17
VisualStudioVersion = 17.2.32630.192
MinimumVisualStudioVersion = 10.0.40219.1
Project("{FAE04EC0-301F-11D3-BF4B-00C04F79EFBC}") = "FlightSystem", "FlightSystem\FlightSystem.csproj", "{A6445C00-0357-4779-A674-FE59BF4A1C06}"
EndProject
Global
	GlobalSection(SolutionConfigurationPlatforms) = preSolution
		Debug|Any CPU = Debug|Any CPU
		Release|Any CPU = Release|Any CPU
	EndGlobalSection
	GlobalSection(ProjectConfigurationPlatforms) = postSolution
		{A6445C00-0357-4779-A674-FE59BF4A1C06}.Debug|Any CPU.ActiveCfg = Debug|Any CPU
		{A6445C00-0357-4779-A674-FE59BF4A1C06}.Debug|Any CPU.Build.0 = Debug|Any CPU
		{A6445C00-0357-4779-A674-FE59BF4A1C06}.Release|Any CPU.ActiveCfg = Release|Any CPU
		{A6445C00-0357-4779-A674-FE59BF4A1C06}.Release|Any CPU.Build.0 = Release|Any CPU
	EndGlobalSection
	GlobalSection(SolutionProperties) = preSolution
		HideSolutionNode = FALSE
	EndGlobalSection
	GlobalSection(ExtensibilityGlobals) = postSolution
		SolutionGuid = {4915C3F1-C7AA-46C4-A598-CA68A24C1AA3}
	EndGlobalSection
EndGlobal
